
Microsoft Visual Studio Solution File, Format Version 12.00
# Visual Studio Version 17
VisualStudioVersion = 17.9.34622.214
MinimumVisualStudioVersion = 10.0.40219.1
Project("{FAE04EC0-301F-11D3-BF4B-00C04F79EFBC}") = "Bolo.Web", "Bolo.Web\Bolo.Web.csproj", "{CA9EE7BC-8CCF-4AF4-9E6C-1555043D27A7}"
EndProject
Project("{FAE04EC0-301F-11D3-BF4B-00C04F79EFBC}") = "Bolo.Application", "Bolo.Application\Bolo.Application.csproj", "{79BAAEA8-D500-4925-A92C-9911759CFBF2}"
EndProject
Project("{FAE04EC0-301F-11D3-BF4B-00C04F79EFBC}") = "Bolo.Domain", "Bolo.Domain\Bolo.Domain.csproj", "{EC440C81-2ABC-4386-896B-F128183887B1}"
EndProject
Project("{FAE04EC0-301F-11D3-BF4B-00C04F79EFBC}") = "Bolo.Infrastructure", "Bolo.Infrastructure\Bolo.Infrastructure.csproj", "{B9E6DC96-7785-405D-AA29-043562C2D2A0}"
EndProject
Project("{FAE04EC0-301F-11D3-BF4B-00C04F79EFBC}") = "Bolo.Infrastructure.Auth", "Bolo.Infrastructure.Auth\Bolo.Infrastructure.Auth.csproj", "{9487CF12-B790-4D94-B684-6644AC80922C}"
EndProject
Global
	GlobalSection(SolutionConfigurationPlatforms) = preSolution
		Debug|Any CPU = Debug|Any CPU
		Release|Any CPU = Release|Any CPU
	EndGlobalSection
	GlobalSection(ProjectConfigurationPlatforms) = postSolution
		{CA9EE7BC-8CCF-4AF4-9E6C-1555043D27A7}.Debug|Any CPU.ActiveCfg = Debug|Any CPU
		{CA9EE7BC-8CCF-4AF4-9E6C-1555043D27A7}.Debug|Any CPU.Build.0 = Debug|Any CPU
		{CA9EE7BC-8CCF-4AF4-9E6C-1555043D27A7}.Release|Any CPU.ActiveCfg = Release|Any CPU
		{CA9EE7BC-8CCF-4AF4-9E6C-1555043D27A7}.Release|Any CPU.Build.0 = Release|Any CPU
		{79BAAEA8-D500-4925-A92C-9911759CFBF2}.Debug|Any CPU.ActiveCfg = Debug|Any CPU
		{79BAAEA8-D500-4925-A92C-9911759CFBF2}.Debug|Any CPU.Build.0 = Debug|Any CPU
		{79BAAEA8-D500-4925-A92C-9911759CFBF2}.Release|Any CPU.ActiveCfg = Release|Any CPU
		{79BAAEA8-D500-4925-A92C-9911759CFBF2}.Release|Any CPU.Build.0 = Release|Any CPU
		{EC440C81-2ABC-4386-896B-F128183887B1}.Debug|Any CPU.ActiveCfg = Debug|Any CPU
		{EC440C81-2ABC-4386-896B-F128183887B1}.Debug|Any CPU.Build.0 = Debug|Any CPU
		{EC440C81-2ABC-4386-896B-F128183887B1}.Release|Any CPU.ActiveCfg = Release|Any CPU
		{EC440C81-2ABC-4386-896B-F128183887B1}.Release|Any CPU.Build.0 = Release|Any CPU
		{B9E6DC96-7785-405D-AA29-043562C2D2A0}.Debug|Any CPU.ActiveCfg = Debug|Any CPU
		{B9E6DC96-7785-405D-AA29-043562C2D2A0}.Debug|Any CPU.Build.0 = Debug|Any CPU
		{B9E6DC96-7785-405D-AA29-043562C2D2A0}.Release|Any CPU.ActiveCfg = Release|Any CPU
		{B9E6DC96-7785-405D-AA29-043562C2D2A0}.Release|Any CPU.Build.0 = Release|Any CPU
		{9487CF12-B790-4D94-B684-6644AC80922C}.Debug|Any CPU.ActiveCfg = Debug|Any CPU
		{9487CF12-B790-4D94-B684-6644AC80922C}.Debug|Any CPU.Build.0 = Debug|Any CPU
		{9487CF12-B790-4D94-B684-6644AC80922C}.Release|Any CPU.ActiveCfg = Release|Any CPU
		{9487CF12-B790-4D94-B684-6644AC80922C}.Release|Any CPU.Build.0 = Release|Any CPU
	EndGlobalSection
	GlobalSection(SolutionProperties) = preSolution
		HideSolutionNode = FALSE
	EndGlobalSection
	GlobalSection(ExtensibilityGlobals) = postSolution
		SolutionGuid = {A68FD97D-401F-4C55-A004-AE2BA1483BF0}
	EndGlobalSection
EndGlobal
